
Microsoft Visual Studio Solution File, Format Version 12.00
# Visual Studio 15
VisualStudioVersion = 15.0.28010.2003
MinimumVisualStudioVersion = 10.0.40219.1
Project("{8BC9CEB8-8B4A-11D0-8D11-00A0C91BC942}") = "STFRAME", "STFRAME\STFRAME.vcxproj", "{B3591A49-FF81-46CE-A6AD-6D6EA6A19EA2}"
EndProject
Global
	GlobalSection(SolutionConfigurationPlatforms) = preSolution
		Debug|x64 = Debug|x64
		Debug|x86 = Debug|x86
		Release|x64 = Release|x64
		Release|x86 = Release|x86
	EndGlobalSection
	GlobalSection(ProjectConfigurationPlatforms) = postSolution
		{B3591A49-FF81-46CE-A6AD-6D6EA6A19EA2}.Debug|x64.ActiveCfg = Debug|x64
		{B3591A49-FF81-46CE-A6AD-6D6EA6A19EA2}.Debug|x64.Build.0 = Debug|x64
		{B3591A49-FF81-46CE-A6AD-6D6EA6A19EA2}.Debug|x86.ActiveCfg = Debug|Win32
		{B3591A49-FF81-46CE-A6AD-6D6EA6A19EA2}.Debug|x86.Build.0 = Debug|Win32
		{B3591A49-FF81-46CE-A6AD-6D6EA6A19EA2}.Release|x64.ActiveCfg = Release|x64
		{B3591A49-FF81-46CE-A6AD-6D6EA6A19EA2}.Release|x64.Build.0 = Release|x64
		{B3591A49-FF81-46CE-A6AD-6D6EA6A19EA2}.Release|x86.ActiveCfg = Release|Win32
		{B3591A49-FF81-46CE-A6AD-6D6EA6A19EA2}.Release|x86.Build.0 = Release|Win32
	EndGlobalSection
	GlobalSection(SolutionProperties) = preSolution
		HideSolutionNode = FALSE
	EndGlobalSection
	GlobalSection(ExtensibilityGlobals) = postSolution
		SolutionGuid = {74F552C8-2CC5-477E-A3B3-EBFA64B1F2E7}
	EndGlobalSection
EndGlobal
